
Microsoft Visual Studio Solution File, Format Version 12.00
# Visual Studio Version 16
VisualStudioVersion = 16.0.31009.304
MinimumVisualStudioVersion = 10.0.40219.1
Project("{FAE04EC0-301F-11D3-BF4B-00C04F79EFBC}") = "ReadingListWebAPP", "ReadingListWebAPP\ReadingListWebAPP.csproj", "{DAC2DBBB-D135-40EB-82F6-51E9C89DFE3B}"
EndProject
Global
	GlobalSection(SolutionConfigurationPlatforms) = preSolution
		Debug|Any CPU = Debug|Any CPU
		Release|Any CPU = Release|Any CPU
	EndGlobalSection
	GlobalSection(ProjectConfigurationPlatforms) = postSolution
		{DAC2DBBB-D135-40EB-82F6-51E9C89DFE3B}.Debug|Any CPU.ActiveCfg = Debug|Any CPU
		{DAC2DBBB-D135-40EB-82F6-51E9C89DFE3B}.Debug|Any CPU.Build.0 = Debug|Any CPU
		{DAC2DBBB-D135-40EB-82F6-51E9C89DFE3B}.Release|Any CPU.ActiveCfg = Release|Any CPU
		{DAC2DBBB-D135-40EB-82F6-51E9C89DFE3B}.Release|Any CPU.Build.0 = Release|Any CPU
	EndGlobalSection
	GlobalSection(SolutionProperties) = preSolution
		HideSolutionNode = FALSE
	EndGlobalSection
	GlobalSection(ExtensibilityGlobals) = postSolution
		SolutionGuid = {E17D64CF-FCF2-440E-A9A7-F1B27C9DEBE5}
	EndGlobalSection
EndGlobal
